
Microsoft Visual Studio Solution File, Format Version 12.00
# Visual Studio Version 16
VisualStudioVersion = 16.0.30320.27
MinimumVisualStudioVersion = 10.0.40219.1
Project("{FAE04EC0-301F-11D3-BF4B-00C04F79EFBC}") = "MinecraftMapEditor", "MinecraftMapEditor\MinecraftMapEditor.csproj", "{322CCE99-8340-465B-800A-77380C875FAD}"
EndProject
Global
	GlobalSection(SolutionConfigurationPlatforms) = preSolution
		Debug|Any CPU = Debug|Any CPU
		Release|Any CPU = Release|Any CPU
	EndGlobalSection
	GlobalSection(ProjectConfigurationPlatforms) = postSolution
		{322CCE99-8340-465B-800A-77380C875FAD}.Debug|Any CPU.ActiveCfg = Debug|Any CPU
		{322CCE99-8340-465B-800A-77380C875FAD}.Debug|Any CPU.Build.0 = Debug|Any CPU
		{322CCE99-8340-465B-800A-77380C875FAD}.Release|Any CPU.ActiveCfg = Release|Any CPU
		{322CCE99-8340-465B-800A-77380C875FAD}.Release|Any CPU.Build.0 = Release|Any CPU
	EndGlobalSection
	GlobalSection(SolutionProperties) = preSolution
		HideSolutionNode = FALSE
	EndGlobalSection
	GlobalSection(ExtensibilityGlobals) = postSolution
		SolutionGuid = {F003765E-1BF5-4813-85A3-16393852D35C}
	EndGlobalSection
EndGlobal
